<?xml version="1.0" encoding="utf-8"?>
<Project ToolsVersion="4.0" xmlns="http://schemas.microsoft.com/developer/msbuild/2003">
  <ItemGroup>
    <ClCompile Include="RPiMotor.cpp">
      <Filter>Source Files</Filter>
    </ClCompile>
    <ClCompile Include="main.cpp">
      <Filter>Source Files</Filter>
    </ClCompile>
    <ClCompile Include="RPiEncoder.cpp">
      <Filter>Source Files</Filter>
    </ClCompile>
    <ClCompile Include="RPiCompassI2C.cpp">
      <Filter>Source Files</Filter>
    </ClCompile>
    <ClCompile Include="RPiCompassEncoder.cpp">
      <Filter>Source Files</Filter>
    </ClCompile>
  </ItemGroup>
  <ItemGroup>
    <Filter Include="Header Files">
      <UniqueIdentifier>{83cbfb2d-b17e-4d57-9cf4-efca994f9133}</UniqueIdentifier>
    </Filter>
    <Filter Include="Source Files">
      <UniqueIdentifier>{196d8d9f-e9dc-4937-92a9-09caf6fd6a3b}</UniqueIdentifier>
    </Filter>
  </ItemGroup>
  <ItemGroup>
    <ClInclude Include="RPiMotor.h">
      <Filter>Header Files</Filter>
    </ClInclude>
    <ClInclude Include="RPiEncoder.h">
      <Filter>Header Files</Filter>
    </ClInclude>
    <ClInclude Include="RPiCompassI2C.h">
      <Filter>Header Files</Filter>
    </ClInclude>
    <ClInclude Include="RPiCompassEncoder.h">
      <Filter>Header Files</Filter>
    </ClInclude>
  </ItemGroup>
</Project>